// !$*UTF8*$!
{
	archiveVersion = 1;
	classes = {
	};
	objectVersion = 48;
	objects = {

/* Begin PBXBuildFile section */
		501DB79F2076FE350061C2B0 /* LoginVC.swift in Sources */ = {isa = PBXBuildFile; fileRef = 501DB79E2076FE350061C2B0 /* LoginVC.swift */; };
		501DB7A1207701560061C2B0 /* CreateAccountVC.swift in Sources */ = {isa = PBXBuildFile; fileRef = 501DB7A0207701560061C2B0 /* CreateAccountVC.swift */; };
		502A15461FF4671E00EF9FB6 /* SWRevealViewController.m in Sources */ = {isa = PBXBuildFile; fileRef = 502A15451FF4671E00EF9FB6 /* SWRevealViewController.m */; };
		502A154B1FF46A7E00EF9FB6 /* ChatVC.swift in Sources */ = {isa = PBXBuildFile; fileRef = 502A154A1FF46A7E00EF9FB6 /* ChatVC.swift */; };
		502A154D1FF46A9000EF9FB6 /* ChannelVC.swift in Sources */ = {isa = PBXBuildFile; fileRef = 502A154C1FF46A9000EF9FB6 /* ChannelVC.swift */; };
		502A154F1FF4748500EF9FB6 /* GradientView.swift in Sources */ = {isa = PBXBuildFile; fileRef = 502A154E1FF4748500EF9FB6 /* GradientView.swift */; };
		503108F0207BC017000CE049 /* AuthServices.swift in Sources */ = {isa = PBXBuildFile; fileRef = 503108EF207BC017000CE049 /* AuthServices.swift */; };
		503108F2207BEBEB000CE049 /* SmackButton.swift in Sources */ = {isa = PBXBuildFile; fileRef = 503108F1207BEBEB000CE049 /* SmackButton.swift */; };
		503108F4207BFA8F000CE049 /* UserDataService.swift in Sources */ = {isa = PBXBuildFile; fileRef = 503108F3207BFA8F000CE049 /* UserDataService.swift */; };
		503AC45C207D05DD00841E14 /* AvatarPickerVC.swift in Sources */ = {isa = PBXBuildFile; fileRef = 503AC45B207D05DD00841E14 /* AvatarPickerVC.swift */; };
		5041040F1FF7182100C12C3A /* Contants.swift in Sources */ = {isa = PBXBuildFile; fileRef = 5041040E1FF7182100C12C3A /* Contants.swift */; };
		5051041F207EA45A00B363AC /* SmackCircleImage.swift in Sources */ = {isa = PBXBuildFile; fileRef = 5051041E207EA45A00B363AC /* SmackCircleImage.swift */; };
		50510422207EBF1300B363AC /* ProfileVC.swift in Sources */ = {isa = PBXBuildFile; fileRef = 50510420207EBF1300B363AC /* ProfileVC.swift */; };
		50510423207EBF1300B363AC /* ProfileVC.xib in Resources */ = {isa = PBXBuildFile; fileRef = 50510421207EBF1300B363AC /* ProfileVC.xib */; };
		505104262081554400B363AC /* MessageService.swift in Sources */ = {isa = PBXBuildFile; fileRef = 505104252081554400B363AC /* MessageService.swift */; };
		505104282081558600B363AC /* Channel.swift in Sources */ = {isa = PBXBuildFile; fileRef = 505104272081558600B363AC /* Channel.swift */; };
		5051042A20815B5300B363AC /* ChannelCell.swift in Sources */ = {isa = PBXBuildFile; fileRef = 5051042920815B5300B363AC /* ChannelCell.swift */; };
		5051042D2081637200B363AC /* CreateChannelVC.swift in Sources */ = {isa = PBXBuildFile; fileRef = 5051042B2081637200B363AC /* CreateChannelVC.swift */; };
		5051042E2081637200B363AC /* CreateChannelVC.xib in Resources */ = {isa = PBXBuildFile; fileRef = 5051042C2081637200B363AC /* CreateChannelVC.xib */; };
		505104302081701400B363AC /* SocketService.swift in Sources */ = {isa = PBXBuildFile; fileRef = 5051042F2081701400B363AC /* SocketService.swift */; };
		5088DA541FF424DD001DB80C /* AppDelegate.swift in Sources */ = {isa = PBXBuildFile; fileRef = 5088DA531FF424DD001DB80C /* AppDelegate.swift */; };
		5088DA591FF424DD001DB80C /* Main.storyboard in Resources */ = {isa = PBXBuildFile; fileRef = 5088DA571FF424DD001DB80C /* Main.storyboard */; };
		5088DA5B1FF424DD001DB80C /* Assets.xcassets in Resources */ = {isa = PBXBuildFile; fileRef = 5088DA5A1FF424DD001DB80C /* Assets.xcassets */; };
		5088DA5E1FF424DD001DB80C /* LaunchScreen.storyboard in Resources */ = {isa = PBXBuildFile; fileRef = 5088DA5C1FF424DD001DB80C /* LaunchScreen.storyboard */; };
		50D75EB8207D54EE008CE00C /* AvatarCell.swift in Sources */ = {isa = PBXBuildFile; fileRef = 50D75EB7207D54EE008CE00C /* AvatarCell.swift */; };
		8D74DCCA0DF4AF72B716BAC3 /* Pods_smack.framework in Frameworks */ = {isa = PBXBuildFile; fileRef = F854E88B7510D3154D9588FA /* Pods_smack.framework */; };
/* End PBXBuildFile section */

/* Begin PBXFileReference section */
		501DB79E2076FE350061C2B0 /* LoginVC.swift */ = {isa = PBXFileReference; lastKnownFileType = sourcecode.swift; path = LoginVC.swift; sourceTree = "<group>"; };
		501DB7A0207701560061C2B0 /* CreateAccountVC.swift */ = {isa = PBXFileReference; lastKnownFileType = sourcecode.swift; path = CreateAccountVC.swift; sourceTree = "<group>"; };
		502A15431FF4671C00EF9FB6 /* smack-Bridging-Header.h */ = {isa = PBXFileReference; lastKnownFileType = sourcecode.c.h; path = "smack-Bridging-Header.h"; sourceTree = "<group>"; };
		502A15441FF4671D00EF9FB6 /* SWRevealViewController.h */ = {isa = PBXFileReference; fileEncoding = 4; lastKnownFileType = sourcecode.c.h; path = SWRevealViewController.h; sourceTree = "<group>"; };
		502A15451FF4671E00EF9FB6 /* SWRevealViewController.m */ = {isa = PBXFileReference; fileEncoding = 4; lastKnownFileType = sourcecode.c.objc; path = SWRevealViewController.m; sourceTree = "<group>"; };
		502A154A1FF46A7E00EF9FB6 /* ChatVC.swift */ = {isa = PBXFileReference; lastKnownFileType = sourcecode.swift; path = ChatVC.swift; sourceTree = "<group>"; };
		502A154C1FF46A9000EF9FB6 /* ChannelVC.swift */ = {isa = PBXFileReference; lastKnownFileType = sourcecode.swift; path = ChannelVC.swift; sourceTree = "<group>"; };
		502A154E1FF4748500EF9FB6 /* GradientView.swift */ = {isa = PBXFileReference; lastKnownFileType = sourcecode.swift; path = GradientView.swift; sourceTree = "<group>"; };
		503108EF207BC017000CE049 /* AuthServices.swift */ = {isa = PBXFileReference; lastKnownFileType = sourcecode.swift; path = AuthServices.swift; sourceTree = "<group>"; };
		503108F1207BEBEB000CE049 /* SmackButton.swift */ = {isa = PBXFileReference; lastKnownFileType = sourcecode.swift; path = SmackButton.swift; sourceTree = "<group>"; };
		503108F3207BFA8F000CE049 /* UserDataService.swift */ = {isa = PBXFileReference; lastKnownFileType = sourcecode.swift; path = UserDataService.swift; sourceTree = "<group>"; };
		503AC45B207D05DD00841E14 /* AvatarPickerVC.swift */ = {isa = PBXFileReference; lastKnownFileType = sourcecode.swift; path = AvatarPickerVC.swift; sourceTree = "<group>"; };
		5041040E1FF7182100C12C3A /* Contants.swift */ = {isa = PBXFileReference; lastKnownFileType = sourcecode.swift; path = Contants.swift; sourceTree = "<group>"; };
		5051041E207EA45A00B363AC /* SmackCircleImage.swift */ = {isa = PBXFileReference; lastKnownFileType = sourcecode.swift; path = SmackCircleImage.swift; sourceTree = "<group>"; };
		50510420207EBF1300B363AC /* ProfileVC.swift */ = {isa = PBXFileReference; lastKnownFileType = sourcecode.swift; path = ProfileVC.swift; sourceTree = "<group>"; };
		50510421207EBF1300B363AC /* ProfileVC.xib */ = {isa = PBXFileReference; lastKnownFileType = file.xib; path = ProfileVC.xib; sourceTree = "<group>"; };
		505104252081554400B363AC /* MessageService.swift */ = {isa = PBXFileReference; lastKnownFileType = sourcecode.swift; path = MessageService.swift; sourceTree = "<group>"; };
		505104272081558600B363AC /* Channel.swift */ = {isa = PBXFileReference; lastKnownFileType = sourcecode.swift; path = Channel.swift; sourceTree = "<group>"; };
		5051042920815B5300B363AC /* ChannelCell.swift */ = {isa = PBXFileReference; lastKnownFileType = sourcecode.swift; path = ChannelCell.swift; sourceTree = "<group>"; };
		5051042B2081637200B363AC /* CreateChannelVC.swift */ = {isa = PBXFileReference; lastKnownFileType = sourcecode.swift; path = CreateChannelVC.swift; sourceTree = "<group>"; };
		5051042C2081637200B363AC /* CreateChannelVC.xib */ = {isa = PBXFileReference; lastKnownFileType = file.xib; path = CreateChannelVC.xib; sourceTree = "<group>"; };
		5051042F2081701400B363AC /* SocketService.swift */ = {isa = PBXFileReference; lastKnownFileType = sourcecode.swift; path = SocketService.swift; sourceTree = "<group>"; };
		5088DA501FF424DD001DB80C /* smack.app */ = {isa = PBXFileReference; explicitFileType = wrapper.application; includeInIndex = 0; path = smack.app; sourceTree = BUILT_PRODUCTS_DIR; };
		5088DA531FF424DD001DB80C /* AppDelegate.swift */ = {isa = PBXFileReference; lastKnownFileType = sourcecode.swift; path = AppDelegate.swift; sourceTree = "<group>"; };
		5088DA581FF424DD001DB80C /* Base */ = {isa = PBXFileReference; lastKnownFileType = file.storyboard; name = Base; path = Base.lproj/Main.storyboard; sourceTree = "<group>"; };
		5088DA5A1FF424DD001DB80C /* Assets.xcassets */ = {isa = PBXFileReference; lastKnownFileType = folder.assetcatalog; path = Assets.xcassets; sourceTree = "<group>"; };
		5088DA5D1FF424DD001DB80C /* Base */ = {isa = PBXFileReference; lastKnownFileType = file.storyboard; name = Base; path = Base.lproj/LaunchScreen.storyboard; sourceTree = "<group>"; };
		5088DA5F1FF424DD001DB80C /* Info.plist */ = {isa = PBXFileReference; lastKnownFileType = text.plist.xml; path = Info.plist; sourceTree = "<group>"; };
		50D75EB7207D54EE008CE00C /* AvatarCell.swift */ = {isa = PBXFileReference; lastKnownFileType = sourcecode.swift; path = AvatarCell.swift; sourceTree = "<group>"; };
		80394E489E6ADA8458E16DF3 /* Pods-smack.debug.xcconfig */ = {isa = PBXFileReference; includeInIndex = 1; lastKnownFileType = text.xcconfig; name = "Pods-smack.debug.xcconfig"; path = "Pods/Target Support Files/Pods-smack/Pods-smack.debug.xcconfig"; sourceTree = "<group>"; };
		B1B17E8B7050FE0318AAE604 /* Pods-smack.release.xcconfig */ = {isa = PBXFileReference; includeInIndex = 1; lastKnownFileType = text.xcconfig; name = "Pods-smack.release.xcconfig"; path = "Pods/Target Support Files/Pods-smack/Pods-smack.release.xcconfig"; sourceTree = "<group>"; };
		F854E88B7510D3154D9588FA /* Pods_smack.framework */ = {isa = PBXFileReference; explicitFileType = wrapper.framework; includeInIndex = 0; path = Pods_smack.framework; sourceTree = BUILT_PRODUCTS_DIR; };
/* End PBXFileReference section */

/* Begin PBXFrameworksBuildPhase section */
		5088DA4D1FF424DD001DB80C /* Frameworks */ = {
			isa = PBXFrameworksBuildPhase;
			buildActionMask = 2147483647;
			files = (
				8D74DCCA0DF4AF72B716BAC3 /* Pods_smack.framework in Frameworks */,
			);
			runOnlyForDeploymentPostprocessing = 0;
		};
/* End PBXFrameworksBuildPhase section */

/* Begin PBXGroup section */
		502A15421FF466CE00EF9FB6 /* Supporting files */ = {
			isa = PBXGroup;
			children = (
				502A15441FF4671D00EF9FB6 /* SWRevealViewController.h */,
				502A15451FF4671E00EF9FB6 /* SWRevealViewController.m */,
				502A15431FF4671C00EF9FB6 /* smack-Bridging-Header.h */,
			);
			path = "Supporting files";
			sourceTree = "<group>";
		};
		502A15471FF46A4A00EF9FB6 /* Controller */ = {
			isa = PBXGroup;
			children = (
				502A154A1FF46A7E00EF9FB6 /* ChatVC.swift */,
				502A154C1FF46A9000EF9FB6 /* ChannelVC.swift */,
				501DB79E2076FE350061C2B0 /* LoginVC.swift */,
				501DB7A0207701560061C2B0 /* CreateAccountVC.swift */,
				503AC45B207D05DD00841E14 /* AvatarPickerVC.swift */,
				50510420207EBF1300B363AC /* ProfileVC.swift */,
				5051042B2081637200B363AC /* CreateChannelVC.swift */,
			);
			path = Controller;
			sourceTree = "<group>";
		};
		502A15481FF46A5600EF9FB6 /* View */ = {
			isa = PBXGroup;
			children = (
				502A154E1FF4748500EF9FB6 /* GradientView.swift */,
				503108F1207BEBEB000CE049 /* SmackButton.swift */,
				50D75EB7207D54EE008CE00C /* AvatarCell.swift */,
				5051041E207EA45A00B363AC /* SmackCircleImage.swift */,
				5051042920815B5300B363AC /* ChannelCell.swift */,
			);
			path = View;
			sourceTree = "<group>";
		};
		502A15491FF46A5C00EF9FB6 /* Model */ = {
			isa = PBXGroup;
			children = (
				505104272081558600B363AC /* Channel.swift */,
			);
			path = Model;
			sourceTree = "<group>";
		};
		503108EE207BBFDF000CE049 /* Services */ = {
			isa = PBXGroup;
			children = (
				503108EF207BC017000CE049 /* AuthServices.swift */,
				503108F3207BFA8F000CE049 /* UserDataService.swift */,
				505104252081554400B363AC /* MessageService.swift */,
				5051042F2081701400B363AC /* SocketService.swift */,
			);
			path = Services;
			sourceTree = "<group>";
		};
		5041040D1FF7180B00C12C3A /* Utilities */ = {
			isa = PBXGroup;
			children = (
				5041040E1FF7182100C12C3A /* Contants.swift */,
			);
			path = Utilities;
			sourceTree = "<group>";
		};
		50510424207EBF3D00B363AC /* XIBs */ = {
			isa = PBXGroup;
			children = (
				50510421207EBF1300B363AC /* ProfileVC.xib */,
				5051042C2081637200B363AC /* CreateChannelVC.xib */,
			);
			path = XIBs;
			sourceTree = "<group>";
		};
		5088DA471FF424DD001DB80C = {
			isa = PBXGroup;
			children = (
				5088DA521FF424DD001DB80C /* smack */,
				5088DA511FF424DD001DB80C /* Products */,
				585AF0A010D377BB624C1017 /* Pods */,
				91204656D6032FC28DF05CB4 /* Frameworks */,
			);
			sourceTree = "<group>";
		};
		5088DA511FF424DD001DB80C /* Products */ = {
			isa = PBXGroup;
			children = (
				5088DA501FF424DD001DB80C /* smack.app */,
			);
			name = Products;
			sourceTree = "<group>";
		};
		5088DA521FF424DD001DB80C /* smack */ = {
			isa = PBXGroup;
			children = (
				50510424207EBF3D00B363AC /* XIBs */,
				503108EE207BBFDF000CE049 /* Services */,
				5041040D1FF7180B00C12C3A /* Utilities */,
				502A15491FF46A5C00EF9FB6 /* Model */,
				502A15481FF46A5600EF9FB6 /* View */,
				502A15471FF46A4A00EF9FB6 /* Controller */,
				502A15421FF466CE00EF9FB6 /* Supporting files */,
				5088DA531FF424DD001DB80C /* AppDelegate.swift */,
				5088DA571FF424DD001DB80C /* Main.storyboard */,
				5088DA5A1FF424DD001DB80C /* Assets.xcassets */,
				5088DA5C1FF424DD001DB80C /* LaunchScreen.storyboard */,
				5088DA5F1FF424DD001DB80C /* Info.plist */,
			);
			path = smack;
			sourceTree = "<group>";
		};
		585AF0A010D377BB624C1017 /* Pods */ = {
			isa = PBXGroup;
			children = (
				80394E489E6ADA8458E16DF3 /* Pods-smack.debug.xcconfig */,
				B1B17E8B7050FE0318AAE604 /* Pods-smack.release.xcconfig */,
			);
			name = Pods;
			sourceTree = "<group>";
		};
		91204656D6032FC28DF05CB4 /* Frameworks */ = {
			isa = PBXGroup;
			children = (
				F854E88B7510D3154D9588FA /* Pods_smack.framework */,
			);
			name = Frameworks;
			sourceTree = "<group>";
		};
/* End PBXGroup section */

/* Begin PBXNativeTarget section */
		5088DA4F1FF424DD001DB80C /* smack */ = {
			isa = PBXNativeTarget;
			buildConfigurationList = 5088DA621FF424DD001DB80C /* Build configuration list for PBXNativeTarget "smack" */;
			buildPhases = (
				DF5FCEB5FF2D9F9421F86FB6 /* [CP] Check Pods Manifest.lock */,
				5088DA4C1FF424DD001DB80C /* Sources */,
				5088DA4D1FF424DD001DB80C /* Frameworks */,
				5088DA4E1FF424DD001DB80C /* Resources */,
				7D89B92EC019D63FEB6A1D8D /* [CP] Embed Pods Frameworks */,
				554F3A883DF57F0549489FCC /* [CP] Copy Pods Resources */,
			);
			buildRules = (
			);
			dependencies = (
			);
			name = smack;
			productName = smack;
			productReference = 5088DA501FF424DD001DB80C /* smack.app */;
			productType = "com.apple.product-type.application";
		};
/* End PBXNativeTarget section */

/* Begin PBXProject section */
		5088DA481FF424DD001DB80C /* Project object */ = {
			isa = PBXProject;
			attributes = {
				LastSwiftUpdateCheck = 0920;
				LastUpgradeCheck = 0920;
				ORGANIZATIONNAME = "David Brunstein";
				TargetAttributes = {
					5088DA4F1FF424DD001DB80C = {
						CreatedOnToolsVersion = 9.2;
						LastSwiftMigration = 0920;
						ProvisioningStyle = Automatic;
					};
				};
			};
			buildConfigurationList = 5088DA4B1FF424DD001DB80C /* Build configuration list for PBXProject "smack" */;
			compatibilityVersion = "Xcode 8.0";
			developmentRegion = en;
			hasScannedForEncodings = 0;
			knownRegions = (
				en,
				Base,
			);
			mainGroup = 5088DA471FF424DD001DB80C;
			productRefGroup = 5088DA511FF424DD001DB80C /* Products */;
			projectDirPath = "";
			projectRoot = "";
			targets = (
				5088DA4F1FF424DD001DB80C /* smack */,
			);
		};
/* End PBXProject section */

/* Begin PBXResourcesBuildPhase section */
		5088DA4E1FF424DD001DB80C /* Resources */ = {
			isa = PBXResourcesBuildPhase;
			buildActionMask = 2147483647;
			files = (
				50510423207EBF1300B363AC /* ProfileVC.xib in Resources */,
				5088DA5E1FF424DD001DB80C /* LaunchScreen.storyboard in Resources */,
				5051042E2081637200B363AC /* CreateChannelVC.xib in Resources */,
				5088DA5B1FF424DD001DB80C /* Assets.xcassets in Resources */,
				5088DA591FF424DD001DB80C /* Main.storyboard in Resources */,
			);
			runOnlyForDeploymentPostprocessing = 0;
		};
/* End PBXResourcesBuildPhase section */

/* Begin PBXShellScriptBuildPhase section */
		554F3A883DF57F0549489FCC /* [CP] Copy Pods Resources */ = {
			isa = PBXShellScriptBuildPhase;
			buildActionMask = 2147483647;
			files = (
			);
			inputPaths = (
			);
			name = "[CP] Copy Pods Resources";
			outputPaths = (
			);
			runOnlyForDeploymentPostprocessing = 0;
			shellPath = /bin/sh;
			shellScript = "\"${SRCROOT}/Pods/Target Support Files/Pods-smack/Pods-smack-resources.sh\"\n";
			showEnvVarsInLog = 0;
		};
		7D89B92EC019D63FEB6A1D8D /* [CP] Embed Pods Frameworks */ = {
			isa = PBXShellScriptBuildPhase;
			buildActionMask = 2147483647;
			files = (
			);
			inputPaths = (
			);
			name = "[CP] Embed Pods Frameworks";
			outputPaths = (
			);
			runOnlyForDeploymentPostprocessing = 0;
			shellPath = /bin/sh;
			shellScript = "\"${SRCROOT}/Pods/Target Support Files/Pods-smack/Pods-smack-frameworks.sh\"\n";
			showEnvVarsInLog = 0;
		};
		DF5FCEB5FF2D9F9421F86FB6 /* [CP] Check Pods Manifest.lock */ = {
			isa = PBXShellScriptBuildPhase;
			buildActionMask = 2147483647;
			files = (
			);
			inputPaths = (
			);
			name = "[CP] Check Pods Manifest.lock";
			outputPaths = (
			);
			runOnlyForDeploymentPostprocessing = 0;
			shellPath = /bin/sh;
			shellScript = "diff \"${PODS_ROOT}/../Podfile.lock\" \"${PODS_ROOT}/Manifest.lock\" > /dev/null\nif [ $? != 0 ] ; then\n    # print error to STDERR\n    echo \"error: The sandbox is not in sync with the Podfile.lock. Run 'pod install' or update your CocoaPods installation.\" >&2\n    exit 1\nfi\n";
			showEnvVarsInLog = 0;
		};
/* End PBXShellScriptBuildPhase section */

/* Begin PBXSourcesBuildPhase section */
		5088DA4C1FF424DD001DB80C /* Sources */ = {
			isa = PBXSourcesBuildPhase;
			buildActionMask = 2147483647;
			files = (
				505104302081701400B363AC /* SocketService.swift in Sources */,
				502A154D1FF46A9000EF9FB6 /* ChannelVC.swift in Sources */,
				5051042A20815B5300B363AC /* ChannelCell.swift in Sources */,
				50510422207EBF1300B363AC /* ProfileVC.swift in Sources */,
				503AC45C207D05DD00841E14 /* AvatarPickerVC.swift in Sources */,
				502A154B1FF46A7E00EF9FB6 /* ChatVC.swift in Sources */,
				505104282081558600B363AC /* Channel.swift in Sources */,
				501DB7A1207701560061C2B0 /* CreateAccountVC.swift in Sources */,
				505104262081554400B363AC /* MessageService.swift in Sources */,
				503108F4207BFA8F000CE049 /* UserDataService.swift in Sources */,
				5051042D2081637200B363AC /* CreateChannelVC.swift in Sources */,
				501DB79F2076FE350061C2B0 /* LoginVC.swift in Sources */,
				502A154F1FF4748500EF9FB6 /* GradientView.swift in Sources */,
				503108F2207BEBEB000CE049 /* SmackButton.swift in Sources */,
				5088DA541FF424DD001DB80C /* AppDelegate.swift in Sources */,
				50D75EB8207D54EE008CE00C /* AvatarCell.swift in Sources */,
				503108F0207BC017000CE049 /* AuthServices.swift in Sources */,
				502A15461FF4671E00EF9FB6 /* SWRevealViewController.m in Sources */,
				5041040F1FF7182100C12C3A /* Contants.swift in Sources */,
				5051041F207EA45A00B363AC /* SmackCircleImage.swift in Sources */,
			);
			runOnlyForDeploymentPostprocessing = 0;
		};
/* End PBXSourcesBuildPhase section */

/* Begin PBXVariantGroup section */
		5088DA571FF424DD001DB80C /* Main.storyboard */ = {
			isa = PBXVariantGroup;
			children = (
				5088DA581FF424DD001DB80C /* Base */,
			);
			name = Main.storyboard;
			sourceTree = "<group>";
		};
		5088DA5C1FF424DD001DB80C /* LaunchScreen.storyboard */ = {
			isa = PBXVariantGroup;
			children = (
				5088DA5D1FF424DD001DB80C /* Base */,
			);
			name = LaunchScreen.storyboard;
			sourceTree = "<group>";
		};
/* End PBXVariantGroup section */

/* Begin XCBuildConfiguration section */
		5088DA601FF424DD001DB80C /* Debug */ = {
			isa = XCBuildConfiguration;
			buildSettings = {
				ALWAYS_SEARCH_USER_PATHS = NO;
				CLANG_ANALYZER_NONNULL = YES;
				CLANG_ANALYZER_NUMBER_OBJECT_CONVERSION = YES_AGGRESSIVE;
				CLANG_CXX_LANGUAGE_STANDARD = "gnu++14";
				CLANG_CXX_LIBRARY = "libc++";
				CLANG_ENABLE_MODULES = YES;
				CLANG_ENABLE_OBJC_ARC = YES;
				CLANG_WARN_BLOCK_CAPTURE_AUTORELEASING = YES;
				CLANG_WARN_BOOL_CONVERSION = YES;
				CLANG_WARN_COMMA = YES;
				CLANG_WARN_CONSTANT_CONVERSION = YES;
				CLANG_WARN_DIRECT_OBJC_ISA_USAGE = YES_ERROR;
				CLANG_WARN_DOCUMENTATION_COMMENTS = YES;
				CLANG_WARN_EMPTY_BODY = YES;
				CLANG_WARN_ENUM_CONVERSION = YES;
				CLANG_WARN_INFINITE_RECURSION = YES;
				CLANG_WARN_INT_CONVERSION = YES;
				CLANG_WARN_NON_LITERAL_NULL_CONVERSION = YES;
				CLANG_WARN_OBJC_LITERAL_CONVERSION = YES;
				CLANG_WARN_OBJC_ROOT_CLASS = YES_ERROR;
				CLANG_WARN_RANGE_LOOP_ANALYSIS = YES;
				CLANG_WARN_STRICT_PROTOTYPES = YES;
				CLANG_WARN_SUSPICIOUS_MOVE = YES;
				CLANG_WARN_UNGUARDED_AVAILABILITY = YES_AGGRESSIVE;
				CLANG_WARN_UNREACHABLE_CODE = YES;
				CLANG_WARN__DUPLICATE_METHOD_MATCH = YES;
				CODE_SIGN_IDENTITY = "iPhone Developer";
				COPY_PHASE_STRIP = NO;
				DEBUG_INFORMATION_FORMAT = dwarf;
				ENABLE_STRICT_OBJC_MSGSEND = YES;
				ENABLE_TESTABILITY = YES;
				GCC_C_LANGUAGE_STANDARD = gnu11;
				GCC_DYNAMIC_NO_PIC = NO;
				GCC_NO_COMMON_BLOCKS = YES;
				GCC_OPTIMIZATION_LEVEL = 0;
				GCC_PREPROCESSOR_DEFINITIONS = (
					"DEBUG=1",
					"$(inherited)",
				);
				GCC_WARN_64_TO_32_BIT_CONVERSION = YES;
				GCC_WARN_ABOUT_RETURN_TYPE = YES_ERROR;
				GCC_WARN_UNDECLARED_SELECTOR = YES;
				GCC_WARN_UNINITIALIZED_AUTOS = YES_AGGRESSIVE;
				GCC_WARN_UNUSED_FUNCTION = YES;
				GCC_WARN_UNUSED_VARIABLE = YES;
				IPHONEOS_DEPLOYMENT_TARGET = 11.2;
				MTL_ENABLE_DEBUG_INFO = YES;
				ONLY_ACTIVE_ARCH = YES;
				SDKROOT = iphoneos;
				SWIFT_ACTIVE_COMPILATION_CONDITIONS = DEBUG;
				SWIFT_OPTIMIZATION_LEVEL = "-Onone";
			};
			name = Debug;
		};
		5088DA611FF424DD001DB80C /* Release */ = {
			isa = XCBuildConfiguration;
			buildSettings = {
				ALWAYS_SEARCH_USER_PATHS = NO;
				CLANG_ANALYZER_NONNULL = YES;
				CLANG_ANALYZER_NUMBER_OBJECT_CONVERSION = YES_AGGRESSIVE;
				CLANG_CXX_LANGUAGE_STANDARD = "gnu++14";
				CLANG_CXX_LIBRARY = "libc++";
				CLANG_ENABLE_MODULES = YES;
				CLANG_ENABLE_OBJC_ARC = YES;
				CLANG_WARN_BLOCK_CAPTURE_AUTORELEASING = YES;
				CLANG_WARN_BOOL_CONVERSION = YES;
				CLANG_WARN_COMMA = YES;
				CLANG_WARN_CONSTANT_CONVERSION = YES;
				CLANG_WARN_DIRECT_OBJC_ISA_USAGE = YES_ERROR;
				CLANG_WARN_DOCUMENTATION_COMMENTS = YES;
				CLANG_WARN_EMPTY_BODY = YES;
				CLANG_WARN_ENUM_CONVERSION = YES;
				CLANG_WARN_INFINITE_RECURSION = YES;
				CLANG_WARN_INT_CONVERSION = YES;
				CLANG_WARN_NON_LITERAL_NULL_CONVERSION = YES;
				CLANG_WARN_OBJC_LITERAL_CONVERSION = YES;
				CLANG_WARN_OBJC_ROOT_CLASS = YES_ERROR;
				CLANG_WARN_RANGE_LOOP_ANALYSIS = YES;
				CLANG_WARN_STRICT_PROTOTYPES = YES;
				CLANG_WARN_SUSPICIOUS_MOVE = YES;
				CLANG_WARN_UNGUARDED_AVAILABILITY = YES_AGGRESSIVE;
				CLANG_WARN_UNREACHABLE_CODE = YES;
				CLANG_WARN__DUPLICATE_METHOD_MATCH = YES;
				CODE_SIGN_IDENTITY = "iPhone Developer";
				COPY_PHASE_STRIP = NO;
				DEBUG_INFORMATION_FORMAT = "dwarf-with-dsym";
				ENABLE_NS_ASSERTIONS = NO;
				ENABLE_STRICT_OBJC_MSGSEND = YES;
				GCC_C_LANGUAGE_STANDARD = gnu11;
				GCC_NO_COMMON_BLOCKS = YES;
				GCC_WARN_64_TO_32_BIT_CONVERSION = YES;
				GCC_WARN_ABOUT_RETURN_TYPE = YES_ERROR;
				GCC_WARN_UNDECLARED_SELECTOR = YES;
				GCC_WARN_UNINITIALIZED_AUTOS = YES_AGGRESSIVE;
				GCC_WARN_UNUSED_FUNCTION = YES;
				GCC_WARN_UNUSED_VARIABLE = YES;
				IPHONEOS_DEPLOYMENT_TARGET = 11.2;
				MTL_ENABLE_DEBUG_INFO = NO;
				SDKROOT = iphoneos;
				SWIFT_OPTIMIZATION_LEVEL = "-Owholemodule";
				VALIDATE_PRODUCT = YES;
			};
			name = Release;
		};
		5088DA631FF424DD001DB80C /* Debug */ = {
			isa = XCBuildConfiguration;
			baseConfigurationReference = 80394E489E6ADA8458E16DF3 /* Pods-smack.debug.xcconfig */;
			buildSettings = {
				ASSETCATALOG_COMPILER_APPICON_NAME = AppIcon;
				CLANG_ENABLE_MODULES = YES;
				CODE_SIGN_STYLE = Automatic;
				DEVELOPMENT_TEAM = DU44C6AG9P;
				INFOPLIST_FILE = smack/Info.plist;
				LD_RUNPATH_SEARCH_PATHS = "$(inherited) @executable_path/Frameworks";
				PRODUCT_BUNDLE_IDENTIFIER = com.madefresh.ca.smack;
				PRODUCT_NAME = "$(TARGET_NAME)";
				SWIFT_OBJC_BRIDGING_HEADER = "smack/Supporting files/smack-Bridging-Header.h";
				SWIFT_OPTIMIZATION_LEVEL = "-Onone";
				SWIFT_VERSION = 4.0;
				TARGETED_DEVICE_FAMILY = "1,2";
			};
			name = Debug;
		};
		5088DA641FF424DD001DB80C /* Release */ = {
			isa = XCBuildConfiguration;
			baseConfigurationReference = B1B17E8B7050FE0318AAE604 /* Pods-smack.release.xcconfig */;
			buildSettings = {
				ASSETCATALOG_COMPILER_APPICON_NAME = AppIcon;
				CLANG_ENABLE_MODULES = YES;
				CODE_SIGN_STYLE = Automatic;
				DEVELOPMENT_TEAM = DU44C6AG9P;
				INFOPLIST_FILE = smack/Info.plist;
				LD_RUNPATH_SEARCH_PATHS = "$(inherited) @executable_path/Frameworks";
				PRODUCT_BUNDLE_IDENTIFIER = com.madefresh.ca.smack;
				PRODUCT_NAME = "$(TARGET_NAME)";
				SWIFT_OBJC_BRIDGING_HEADER = "smack/Supporting files/smack-Bridging-Header.h";
				SWIFT_VERSION = 4.0;
				TARGETED_DEVICE_FAMILY = "1,2";
			};
			name = Release;
		};
/* End XCBuildConfiguration section */

/* Begin XCConfigurationList section */
		5088DA4B1FF424DD001DB80C /* Build configuration list for PBXProject "smack" */ = {
			isa = XCConfigurationList;
			buildConfigurations = (
				5088DA601FF424DD001DB80C /* Debug */,
				5088DA611FF424DD001DB80C /* Release */,
			);
			defaultConfigurationIsVisible = 0;
			defaultConfigurationName = Release;
		};
		5088DA621FF424DD001DB80C /* Build configuration list for PBXNativeTarget "smack" */ = {
			isa = XCConfigurationList;
			buildConfigurations = (
				5088DA631FF424DD001DB80C /* Debug */,
				5088DA641FF424DD001DB80C /* Release */,
			);
			defaultConfigurationIsVisible = 0;
			defaultConfigurationName = Release;
		};
/* End XCConfigurationList section */
	};
	rootObject = 5088DA481FF424DD001DB80C /* Project object */;
}
